// !$*UTF8*$!
{
	archiveVersion = 1;
	classes = {
	};
	objectVersion = 50;
	objects = {

/* Begin PBXBuildFile section */
		28CB27072875BB420079029D /* AppDelegate.swift in Sources */ = {isa = PBXBuildFile; fileRef = 28CB27062875BB420079029D /* AppDelegate.swift */; };
		28CB27092875BB420079029D /* SceneDelegate.swift in Sources */ = {isa = PBXBuildFile; fileRef = 28CB27082875BB420079029D /* SceneDelegate.swift */; };
		28CB270B2875BB420079029D /* MainViewController.swift in Sources */ = {isa = PBXBuildFile; fileRef = 28CB270A2875BB420079029D /* MainViewController.swift */; };
		28CB270E2875BB420079029D /* Main.storyboard in Resources */ = {isa = PBXBuildFile; fileRef = 28CB270C2875BB420079029D /* Main.storyboard */; };
		28CB27102875BB420079029D /* Assets.xcassets in Resources */ = {isa = PBXBuildFile; fileRef = 28CB270F2875BB420079029D /* Assets.xcassets */; };
		28CB27132875BB420079029D /* LaunchScreen.storyboard in Resources */ = {isa = PBXBuildFile; fileRef = 28CB27112875BB420079029D /* LaunchScreen.storyboard */; };
		28CB271C2875D4F80079029D /* round.swift in Sources */ = {isa = PBXBuildFile; fileRef = 28CB271B2875D4F80079029D /* round.swift */; };
		28EEC3AC287AE91E00F53156 /* RealEstateViewController.swift in Sources */ = {isa = PBXBuildFile; fileRef = 28EEC3AB287AE91D00F53156 /* RealEstateViewController.swift */; };
		28EEC3AF287AE95300F53156 /* HomeCostViewController.swift in Sources */ = {isa = PBXBuildFile; fileRef = 28EEC3AE287AE95300F53156 /* HomeCostViewController.swift */; };
/* End PBXBuildFile section */

/* Begin PBXFileReference section */
		28CB27032875BB420079029D /* budongsan app.app */ = {isa = PBXFileReference; explicitFileType = wrapper.application; includeInIndex = 0; path = "budongsan app.app"; sourceTree = BUILT_PRODUCTS_DIR; };
		28CB27062875BB420079029D /* AppDelegate.swift */ = {isa = PBXFileReference; lastKnownFileType = sourcecode.swift; path = AppDelegate.swift; sourceTree = "<group>"; };
		28CB27082875BB420079029D /* SceneDelegate.swift */ = {isa = PBXFileReference; lastKnownFileType = sourcecode.swift; path = SceneDelegate.swift; sourceTree = "<group>"; };
		28CB270A2875BB420079029D /* MainViewController.swift */ = {isa = PBXFileReference; lastKnownFileType = sourcecode.swift; path = MainViewController.swift; sourceTree = "<group>"; };
		28CB270D2875BB420079029D /* Base */ = {isa = PBXFileReference; lastKnownFileType = file.storyboard; name = Base; path = Base.lproj/Main.storyboard; sourceTree = "<group>"; };
		28CB270F2875BB420079029D /* Assets.xcassets */ = {isa = PBXFileReference; lastKnownFileType = folder.assetcatalog; path = Assets.xcassets; sourceTree = "<group>"; };
		28CB27122875BB420079029D /* Base */ = {isa = PBXFileReference; lastKnownFileType = file.storyboard; name = Base; path = Base.lproj/LaunchScreen.storyboard; sourceTree = "<group>"; };
		28CB27142875BB420079029D /* Info.plist */ = {isa = PBXFileReference; lastKnownFileType = text.plist.xml; path = Info.plist; sourceTree = "<group>"; };
		28CB271B2875D4F80079029D /* round.swift */ = {isa = PBXFileReference; lastKnownFileType = sourcecode.swift; name = round.swift; path = "../../그림/round.swift"; sourceTree = "<group>"; };
		28EEC3AB287AE91D00F53156 /* RealEstateViewController.swift */ = {isa = PBXFileReference; lastKnownFileType = sourcecode.swift; path = RealEstateViewController.swift; sourceTree = "<group>"; };
		28EEC3AE287AE95300F53156 /* HomeCostViewController.swift */ = {isa = PBXFileReference; lastKnownFileType = sourcecode.swift; path = HomeCostViewController.swift; sourceTree = "<group>"; };
/* End PBXFileReference section */

/* Begin PBXFrameworksBuildPhase section */
		28CB27002875BB420079029D /* Frameworks */ = {
			isa = PBXFrameworksBuildPhase;
			buildActionMask = 2147483647;
			files = (
			);
			runOnlyForDeploymentPostprocessing = 0;
		};
/* End PBXFrameworksBuildPhase section */

/* Begin PBXGroup section */
		28CB26FA2875BB420079029D = {
			isa = PBXGroup;
			children = (
				28CB27052875BB420079029D /* budongsan app */,
				28CB27042875BB420079029D /* Products */,
			);
			sourceTree = "<group>";
		};
		28CB27042875BB420079029D /* Products */ = {
			isa = PBXGroup;
			children = (
				28CB27032875BB420079029D /* budongsan app.app */,
			);
			name = Products;
			sourceTree = "<group>";
		};
		28CB27052875BB420079029D /* budongsan app */ = {
			isa = PBXGroup;
			children = (
				28CB27062875BB420079029D /* AppDelegate.swift */,
				28CB27082875BB420079029D /* SceneDelegate.swift */,
				28CB270A2875BB420079029D /* MainViewController.swift */,
				28CB270C2875BB420079029D /* Main.storyboard */,
				28EEC3AE287AE95300F53156 /* HomeCostViewController.swift */,
				28CB270F2875BB420079029D /* Assets.xcassets */,
				28CB27112875BB420079029D /* LaunchScreen.storyboard */,
				28CB271B2875D4F80079029D /* round.swift */,
				28CB27142875BB420079029D /* Info.plist */,
				28EEC3AB287AE91D00F53156 /* RealEstateViewController.swift */,
			);
			path = "budongsan app";
			sourceTree = "<group>";
		};
/* End PBXGroup section */

/* Begin PBXNativeTarget section */
		28CB27022875BB420079029D /* budongsan app */ = {
			isa = PBXNativeTarget;
			buildConfigurationList = 28CB27172875BB420079029D /* Build configuration list for PBXNativeTarget "budongsan app" */;
			buildPhases = (
				28CB26FF2875BB420079029D /* Sources */,
				28CB27002875BB420079029D /* Frameworks */,
				28CB27012875BB420079029D /* Resources */,
			);
			buildRules = (
			);
			dependencies = (
			);
			name = "budongsan app";
			productName = "budongsan app";
			productReference = 28CB27032875BB420079029D /* budongsan app.app */;
			productType = "com.apple.product-type.application";
		};
/* End PBXNativeTarget section */

/* Begin PBXProject section */
		28CB26FB2875BB420079029D /* Project object */ = {
			isa = PBXProject;
			attributes = {
				LastSwiftUpdateCheck = 1230;
				LastUpgradeCheck = 1230;
				TargetAttributes = {
					28CB27022875BB420079029D = {
						CreatedOnToolsVersion = 12.3;
					};
				};
			};
			buildConfigurationList = 28CB26FE2875BB420079029D /* Build configuration list for PBXProject "budongsan app" */;
			compatibilityVersion = "Xcode 9.3";
			developmentRegion = en;
			hasScannedForEncodings = 0;
			knownRegions = (
				en,
				Base,
			);
			mainGroup = 28CB26FA2875BB420079029D;
			productRefGroup = 28CB27042875BB420079029D /* Products */;
			projectDirPath = "";
			projectRoot = "";
			targets = (
				28CB27022875BB420079029D /* budongsan app */,
			);
		};
/* End PBXProject section */

/* Begin PBXResourcesBuildPhase section */
		28CB27012875BB420079029D /* Resources */ = {
			isa = PBXResourcesBuildPhase;
			buildActionMask = 2147483647;
			files = (
				28CB27132875BB420079029D /* LaunchScreen.storyboard in Resources */,
				28CB27102875BB420079029D /* Assets.xcassets in Resources */,
				28CB270E2875BB420079029D /* Main.storyboard in Resources */,
			);
			runOnlyForDeploymentPostprocessing = 0;
		};
/* End PBXResourcesBuildPhase section */

/* Begin PBXSourcesBuildPhase section */
		28CB26FF2875BB420079029D /* Sources */ = {
			isa = PBXSourcesBuildPhase;
			buildActionMask = 2147483647;
			files = (
				28CB270B2875BB420079029D /* MainViewController.swift in Sources */,
				28CB27072875BB420079029D /* AppDelegate.swift in Sources */,
				28CB271C2875D4F80079029D /* round.swift in Sources */,
				28EEC3AC287AE91E00F53156 /* RealEstateViewController.swift in Sources */,
				28EEC3AF287AE95300F53156 /* HomeCostViewController.swift in Sources */,
				28CB27092875BB420079029D /* SceneDelegate.swift in Sources */,
			);
			runOnlyForDeploymentPostprocessing = 0;
		};
/* End PBXSourcesBuildPhase section */

/* Begin PBXVariantGroup section */
		28CB270C2875BB420079029D /* Main.storyboard */ = {
			isa = PBXVariantGroup;
			children = (
				28CB270D2875BB420079029D /* Base */,
			);
			name = Main.storyboard;
			sourceTree = "<group>";
		};
		28CB27112875BB420079029D /* LaunchScreen.storyboard */ = {
			isa = PBXVariantGroup;
			children = (
				28CB27122875BB420079029D /* Base */,
			);
			name = LaunchScreen.storyboard;
			sourceTree = "<group>";
		};
/* End PBXVariantGroup section */

/* Begin XCBuildConfiguration section */
		28CB27152875BB420079029D /* Debug */ = {
			isa = XCBuildConfiguration;
			buildSettings = {
				ALWAYS_SEARCH_USER_PATHS = NO;
				CLANG_ANALYZER_NONNULL = YES;
				CLANG_ANALYZER_NUMBER_OBJECT_CONVERSION = YES_AGGRESSIVE;
				CLANG_CXX_LANGUAGE_STANDARD = "gnu++14";
				CLANG_CXX_LIBRARY = "libc++";
				CLANG_ENABLE_MODULES = YES;
				CLANG_ENABLE_OBJC_ARC = YES;
				CLANG_ENABLE_OBJC_WEAK = YES;
				CLANG_WARN_BLOCK_CAPTURE_AUTORELEASING = YES;
				CLANG_WARN_BOOL_CONVERSION = YES;
				CLANG_WARN_COMMA = YES;
				CLANG_WARN_CONSTANT_CONVERSION = YES;
				CLANG_WARN_DEPRECATED_OBJC_IMPLEMENTATIONS = YES;
				CLANG_WARN_DIRECT_OBJC_ISA_USAGE = YES_ERROR;
				CLANG_WARN_DOCUMENTATION_COMMENTS = YES;
				CLANG_WARN_EMPTY_BODY = YES;
				CLANG_WARN_ENUM_CONVERSION = YES;
				CLANG_WARN_INFINITE_RECURSION = YES;
				CLANG_WARN_INT_CONVERSION = YES;
				CLANG_WARN_NON_LITERAL_NULL_CONVERSION = YES;
				CLANG_WARN_OBJC_IMPLICIT_RETAIN_SELF = YES;
				CLANG_WARN_OBJC_LITERAL_CONVERSION = YES;
				CLANG_WARN_OBJC_ROOT_CLASS = YES_ERROR;
				CLANG_WARN_QUOTED_INCLUDE_IN_FRAMEWORK_HEADER = YES;
				CLANG_WARN_RANGE_LOOP_ANALYSIS = YES;
				CLANG_WARN_STRICT_PROTOTYPES = YES;
				CLANG_WARN_SUSPICIOUS_MOVE = YES;
				CLANG_WARN_UNGUARDED_AVAILABILITY = YES_AGGRESSIVE;
				CLANG_WARN_UNREACHABLE_CODE = YES;
				CLANG_WARN__DUPLICATE_METHOD_MATCH = YES;
				COPY_PHASE_STRIP = NO;
				DEBUG_INFORMATION_FORMAT = dwarf;
				ENABLE_STRICT_OBJC_MSGSEND = YES;
				ENABLE_TESTABILITY = YES;
				GCC_C_LANGUAGE_STANDARD = gnu11;
				GCC_DYNAMIC_NO_PIC = NO;
				GCC_NO_COMMON_BLOCKS = YES;
				GCC_OPTIMIZATION_LEVEL = 0;
				GCC_PREPROCESSOR_DEFINITIONS = (
					"DEBUG=1",
					"$(inherited)",
				);
				GCC_WARN_64_TO_32_BIT_CONVERSION = YES;
				GCC_WARN_ABOUT_RETURN_TYPE = YES_ERROR;
				GCC_WARN_UNDECLARED_SELECTOR = YES;
				GCC_WARN_UNINITIALIZED_AUTOS = YES_AGGRESSIVE;
				GCC_WARN_UNUSED_FUNCTION = YES;
				GCC_WARN_UNUSED_VARIABLE = YES;
				IPHONEOS_DEPLOYMENT_TARGET = 14.3;
				MTL_ENABLE_DEBUG_INFO = INCLUDE_SOURCE;
				MTL_FAST_MATH = YES;
				ONLY_ACTIVE_ARCH = YES;
				SDKROOT = iphoneos;
				SWIFT_ACTIVE_COMPILATION_CONDITIONS = DEBUG;
				SWIFT_OPTIMIZATION_LEVEL = "-Onone";
			};
			name = Debug;
		};
		28CB27162875BB420079029D /* Release */ = {
			isa = XCBuildConfiguration;
			buildSettings = {
				ALWAYS_SEARCH_USER_PATHS = NO;
				CLANG_ANALYZER_NONNULL = YES;
				CLANG_ANALYZER_NUMBER_OBJECT_CONVERSION = YES_AGGRESSIVE;
				CLANG_CXX_LANGUAGE_STANDARD = "gnu++14";
				CLANG_CXX_LIBRARY = "libc++";
				CLANG_ENABLE_MODULES = YES;
				CLANG_ENABLE_OBJC_ARC = YES;
				CLANG_ENABLE_OBJC_WEAK = YES;
				CLANG_WARN_BLOCK_CAPTURE_AUTORELEASING = YES;
				CLANG_WARN_BOOL_CONVERSION = YES;
				CLANG_WARN_COMMA = YES;
				CLANG_WARN_CONSTANT_CONVERSION = YES;
				CLANG_WARN_DEPRECATED_OBJC_IMPLEMENTATIONS = YES;
				CLANG_WARN_DIRECT_OBJC_ISA_USAGE = YES_ERROR;
				CLANG_WARN_DOCUMENTATION_COMMENTS = YES;
				CLANG_WARN_EMPTY_BODY = YES;
				CLANG_WARN_ENUM_CONVERSION = YES;
				CLANG_WARN_INFINITE_RECURSION = YES;
				CLANG_WARN_INT_CONVERSION = YES;
				CLANG_WARN_NON_LITERAL_NULL_CONVERSION = YES;
				CLANG_WARN_OBJC_IMPLICIT_RETAIN_SELF = YES;
				CLANG_WARN_OBJC_LITERAL_CONVERSION = YES;
				CLANG_WARN_OBJC_ROOT_CLASS = YES_ERROR;
				CLANG_WARN_QUOTED_INCLUDE_IN_FRAMEWORK_HEADER = YES;
				CLANG_WARN_RANGE_LOOP_ANALYSIS = YES;
				CLANG_WARN_STRICT_PROTOTYPES = YES;
				CLANG_WARN_SUSPICIOUS_MOVE = YES;
				CLANG_WARN_UNGUARDED_AVAILABILITY = YES_AGGRESSIVE;
				CLANG_WARN_UNREACHABLE_CODE = YES;
				CLANG_WARN__DUPLICATE_METHOD_MATCH = YES;
				COPY_PHASE_STRIP = NO;
				DEBUG_INFORMATION_FORMAT = "dwarf-with-dsym";
				ENABLE_NS_ASSERTIONS = NO;
				ENABLE_STRICT_OBJC_MSGSEND = YES;
				GCC_C_LANGUAGE_STANDARD = gnu11;
				GCC_NO_COMMON_BLOCKS = YES;
				GCC_WARN_64_TO_32_BIT_CONVERSION = YES;
				GCC_WARN_ABOUT_RETURN_TYPE = YES_ERROR;
				GCC_WARN_UNDECLARED_SELECTOR = YES;
				GCC_WARN_UNINITIALIZED_AUTOS = YES_AGGRESSIVE;
				GCC_WARN_UNUSED_FUNCTION = YES;
				GCC_WARN_UNUSED_VARIABLE = YES;
				IPHONEOS_DEPLOYMENT_TARGET = 14.3;
				MTL_ENABLE_DEBUG_INFO = NO;
				MTL_FAST_MATH = YES;
				SDKROOT = iphoneos;
				SWIFT_COMPILATION_MODE = wholemodule;
				SWIFT_OPTIMIZATION_LEVEL = "-O";
				VALIDATE_PRODUCT = YES;
			};
			name = Release;
		};
		28CB27182875BB420079029D /* Debug */ = {
			isa = XCBuildConfiguration;
			buildSettings = {
				ASSETCATALOG_COMPILER_APPICON_NAME = AppIcon;
				ASSETCATALOG_COMPILER_GLOBAL_ACCENT_COLOR_NAME = AccentColor;
				CODE_SIGN_STYLE = Automatic;
				INFOPLIST_FILE = "budongsan app/Info.plist";
				LD_RUNPATH_SEARCH_PATHS = (
					"$(inherited)",
					"@executable_path/Frameworks",
				);
				PRODUCT_BUNDLE_IDENTIFIER = "com.naeunbi.budongsan-app";
				PRODUCT_NAME = "$(TARGET_NAME)";
				SWIFT_VERSION = 5.0;
				TARGETED_DEVICE_FAMILY = "1,2";
			};
			name = Debug;
		};
		28CB27192875BB420079029D /* Release */ = {
			isa = XCBuildConfiguration;
			buildSettings = {
				ASSETCATALOG_COMPILER_APPICON_NAME = AppIcon;
				ASSETCATALOG_COMPILER_GLOBAL_ACCENT_COLOR_NAME = AccentColor;
				CODE_SIGN_STYLE = Automatic;
				INFOPLIST_FILE = "budongsan app/Info.plist";
				LD_RUNPATH_SEARCH_PATHS = (
					"$(inherited)",
					"@executable_path/Frameworks",
				);
				PRODUCT_BUNDLE_IDENTIFIER = "com.naeunbi.budongsan-app";
				PRODUCT_NAME = "$(TARGET_NAME)";
				SWIFT_VERSION = 5.0;
				TARGETED_DEVICE_FAMILY = "1,2";
			};
			name = Release;
		};
/* End XCBuildConfiguration section */

/* Begin XCConfigurationList section */
		28CB26FE2875BB420079029D /* Build configuration list for PBXProject "budongsan app" */ = {
			isa = XCConfigurationList;
			buildConfigurations = (
				28CB27152875BB420079029D /* Debug */,
				28CB27162875BB420079029D /* Release */,
			);
			defaultConfigurationIsVisible = 0;
			defaultConfigurationName = Release;
		};
		28CB27172875BB420079029D /* Build configuration list for PBXNativeTarget "budongsan app" */ = {
			isa = XCConfigurationList;
			buildConfigurations = (
				28CB27182875BB420079029D /* Debug */,
				28CB27192875BB420079029D /* Release */,
			);
			defaultConfigurationIsVisible = 0;
			defaultConfigurationName = Release;
		};
/* End XCConfigurationList section */
	};
	rootObject = 28CB26FB2875BB420079029D /* Project object */;
}
